// !$*UTF8*$!
{
	archiveVersion = 1;
	classes = {
	};
	objectVersion = 50;
	objects = {

/* Begin PBXBuildFile section */
		36408BAC25369797008239A3 /* FIRAnalyticsConnector.framework in Frameworks */ = {isa = PBXBuildFile; fileRef = 36408B832536949B008239A3 /* FIRAnalyticsConnector.framework */; };
		36408BAD25369797008239A3 /* FIRAnalyticsConnector.framework in Embed Frameworks */ = {isa = PBXBuildFile; fileRef = 36408B832536949B008239A3 /* FIRAnalyticsConnector.framework */; settings = {ATTRIBUTES = (CodeSignOnCopy, RemoveHeadersOnCopy, ); }; };
		36408BAE25369797008239A3 /* FirebaseAnalytics.framework in Frameworks */ = {isa = PBXBuildFile; fileRef = 36408B802536949B008239A3 /* FirebaseAnalytics.framework */; };
		36408BAF25369797008239A3 /* FirebaseAnalytics.framework in Embed Frameworks */ = {isa = PBXBuildFile; fileRef = 36408B802536949B008239A3 /* FirebaseAnalytics.framework */; settings = {ATTRIBUTES = (CodeSignOnCopy, RemoveHeadersOnCopy, ); }; };
		36408BB025369797008239A3 /* FirebaseCore.framework in Frameworks */ = {isa = PBXBuildFile; fileRef = 36408B822536949B008239A3 /* FirebaseCore.framework */; };
		36408BB125369797008239A3 /* FirebaseCore.framework in Embed Frameworks */ = {isa = PBXBuildFile; fileRef = 36408B822536949B008239A3 /* FirebaseCore.framework */; settings = {ATTRIBUTES = (CodeSignOnCopy, RemoveHeadersOnCopy, ); }; };
		36408BB225369797008239A3 /* FirebaseCoreDiagnostics.framework in Frameworks */ = {isa = PBXBuildFile; fileRef = 36408B882536949B008239A3 /* FirebaseCoreDiagnostics.framework */; };
		36408BB325369797008239A3 /* FirebaseCoreDiagnostics.framework in Embed Frameworks */ = {isa = PBXBuildFile; fileRef = 36408B882536949B008239A3 /* FirebaseCoreDiagnostics.framework */; settings = {ATTRIBUTES = (CodeSignOnCopy, RemoveHeadersOnCopy, ); }; };
		36408BB425369797008239A3 /* FirebaseCrashlytics.framework in Frameworks */ = {isa = PBXBuildFile; fileRef = 36408B892536949B008239A3 /* FirebaseCrashlytics.framework */; };
		36408BB525369797008239A3 /* FirebaseCrashlytics.framework in Embed Frameworks */ = {isa = PBXBuildFile; fileRef = 36408B892536949B008239A3 /* FirebaseCrashlytics.framework */; settings = {ATTRIBUTES = (CodeSignOnCopy, RemoveHeadersOnCopy, ); }; };
		36408BB625369797008239A3 /* FirebaseInstallations.framework in Frameworks */ = {isa = PBXBuildFile; fileRef = 36408B862536949B008239A3 /* FirebaseInstallations.framework */; };
		36408BB725369797008239A3 /* FirebaseInstallations.framework in Embed Frameworks */ = {isa = PBXBuildFile; fileRef = 36408B862536949B008239A3 /* FirebaseInstallations.framework */; settings = {ATTRIBUTES = (CodeSignOnCopy, RemoveHeadersOnCopy, ); }; };
		36408BB825369797008239A3 /* GoogleAppMeasurement.framework in Frameworks */ = {isa = PBXBuildFile; fileRef = 36408B812536949B008239A3 /* GoogleAppMeasurement.framework */; };
		36408BB925369797008239A3 /* GoogleAppMeasurement.framework in Embed Frameworks */ = {isa = PBXBuildFile; fileRef = 36408B812536949B008239A3 /* GoogleAppMeasurement.framework */; settings = {ATTRIBUTES = (CodeSignOnCopy, RemoveHeadersOnCopy, ); }; };
		36408BBA25369797008239A3 /* GoogleDataTransport.framework in Frameworks */ = {isa = PBXBuildFile; fileRef = 36408B852536949B008239A3 /* GoogleDataTransport.framework */; };
		36408BBB25369797008239A3 /* GoogleDataTransport.framework in Embed Frameworks */ = {isa = PBXBuildFile; fileRef = 36408B852536949B008239A3 /* GoogleDataTransport.framework */; settings = {ATTRIBUTES = (CodeSignOnCopy, RemoveHeadersOnCopy, ); }; };
		36408BBC25369797008239A3 /* GoogleUtilities.framework in Frameworks */ = {isa = PBXBuildFile; fileRef = 36408B842536949B008239A3 /* GoogleUtilities.framework */; };
		36408BBD25369797008239A3 /* GoogleUtilities.framework in Embed Frameworks */ = {isa = PBXBuildFile; fileRef = 36408B842536949B008239A3 /* GoogleUtilities.framework */; settings = {ATTRIBUTES = (CodeSignOnCopy, RemoveHeadersOnCopy, ); }; };
		36408BBE25369797008239A3 /* nanopb.framework in Frameworks */ = {isa = PBXBuildFile; fileRef = 36408B8D2536949B008239A3 /* nanopb.framework */; };
		36408BBF25369797008239A3 /* nanopb.framework in Embed Frameworks */ = {isa = PBXBuildFile; fileRef = 36408B8D2536949B008239A3 /* nanopb.framework */; settings = {ATTRIBUTES = (CodeSignOnCopy, RemoveHeadersOnCopy, ); }; };
		36408BC025369797008239A3 /* PromisesObjC.framework in Frameworks */ = {isa = PBXBuildFile; fileRef = 36408B8B2536949B008239A3 /* PromisesObjC.framework */; };
		36408BC125369797008239A3 /* PromisesObjC.framework in Embed Frameworks */ = {isa = PBXBuildFile; fileRef = 36408B8B2536949B008239A3 /* PromisesObjC.framework */; settings = {ATTRIBUTES = (CodeSignOnCopy, RemoveHeadersOnCopy, ); }; };
		36F87122253601E00011D3F7 /* AppDelegate.swift in Sources */ = {isa = PBXBuildFile; fileRef = 36F87121253601E00011D3F7 /* AppDelegate.swift */; };
		36F87124253601E00011D3F7 /* SceneDelegate.swift in Sources */ = {isa = PBXBuildFile; fileRef = 36F87123253601E00011D3F7 /* SceneDelegate.swift */; };
		36F87126253601E00011D3F7 /* ViewController.swift in Sources */ = {isa = PBXBuildFile; fileRef = 36F87125253601E00011D3F7 /* ViewController.swift */; };
		36F87129253601E00011D3F7 /* Main.storyboard in Resources */ = {isa = PBXBuildFile; fileRef = 36F87127253601E00011D3F7 /* Main.storyboard */; };
		36F8712B253601E00011D3F7 /* Assets.xcassets in Resources */ = {isa = PBXBuildFile; fileRef = 36F8712A253601E00011D3F7 /* Assets.xcassets */; };
		36F8712E253601E00011D3F7 /* LaunchScreen.storyboard in Resources */ = {isa = PBXBuildFile; fileRef = 36F8712C253601E00011D3F7 /* LaunchScreen.storyboard */; };
		36F8713F253604C10011D3F7 /* GoogleService-Info.plist in Resources */ = {isa = PBXBuildFile; fileRef = 36F8713E253604C10011D3F7 /* GoogleService-Info.plist */; };
/* End PBXBuildFile section */

/* Begin PBXCopyFilesBuildPhase section */
		36408BC225369797008239A3 /* Embed Frameworks */ = {
			isa = PBXCopyFilesBuildPhase;
			buildActionMask = 2147483647;
			dstPath = "";
			dstSubfolderSpec = 10;
			files = (
				36408BC125369797008239A3 /* PromisesObjC.framework in Embed Frameworks */,
				36408BBD25369797008239A3 /* GoogleUtilities.framework in Embed Frameworks */,
				36408BB525369797008239A3 /* FirebaseCrashlytics.framework in Embed Frameworks */,
				36408BBF25369797008239A3 /* nanopb.framework in Embed Frameworks */,
				36408BAF25369797008239A3 /* FirebaseAnalytics.framework in Embed Frameworks */,
				36408BB325369797008239A3 /* FirebaseCoreDiagnostics.framework in Embed Frameworks */,
				36408BAD25369797008239A3 /* FIRAnalyticsConnector.framework in Embed Frameworks */,
				36408BB925369797008239A3 /* GoogleAppMeasurement.framework in Embed Frameworks */,
				36408BBB25369797008239A3 /* GoogleDataTransport.framework in Embed Frameworks */,
				36408BB125369797008239A3 /* FirebaseCore.framework in Embed Frameworks */,
				36408BB725369797008239A3 /* FirebaseInstallations.framework in Embed Frameworks */,
			);
			name = "Embed Frameworks";
			runOnlyForDeploymentPostprocessing = 0;
		};
/* End PBXCopyFilesBuildPhase section */

/* Begin PBXFileReference section */
		36408B802536949B008239A3 /* FirebaseAnalytics.framework */ = {isa = PBXFileReference; lastKnownFileType = wrapper.framework; name = FirebaseAnalytics.framework; path = Carthage/Build/iOS/FirebaseAnalytics.framework; sourceTree = "<group>"; };
		36408B812536949B008239A3 /* GoogleAppMeasurement.framework */ = {isa = PBXFileReference; lastKnownFileType = wrapper.framework; name = GoogleAppMeasurement.framework; path = Carthage/Build/iOS/GoogleAppMeasurement.framework; sourceTree = "<group>"; };
		36408B822536949B008239A3 /* FirebaseCore.framework */ = {isa = PBXFileReference; lastKnownFileType = wrapper.framework; name = FirebaseCore.framework; path = Carthage/Build/iOS/FirebaseCore.framework; sourceTree = "<group>"; };
		36408B832536949B008239A3 /* FIRAnalyticsConnector.framework */ = {isa = PBXFileReference; lastKnownFileType = wrapper.framework; name = FIRAnalyticsConnector.framework; path = Carthage/Build/iOS/FIRAnalyticsConnector.framework; sourceTree = "<group>"; };
		36408B842536949B008239A3 /* GoogleUtilities.framework */ = {isa = PBXFileReference; lastKnownFileType = wrapper.framework; name = GoogleUtilities.framework; path = Carthage/Build/iOS/GoogleUtilities.framework; sourceTree = "<group>"; };
		36408B852536949B008239A3 /* GoogleDataTransport.framework */ = {isa = PBXFileReference; lastKnownFileType = wrapper.framework; name = GoogleDataTransport.framework; path = Carthage/Build/iOS/GoogleDataTransport.framework; sourceTree = "<group>"; };
		36408B862536949B008239A3 /* FirebaseInstallations.framework */ = {isa = PBXFileReference; lastKnownFileType = wrapper.framework; name = FirebaseInstallations.framework; path = Carthage/Build/iOS/FirebaseInstallations.framework; sourceTree = "<group>"; };
		36408B872536949B008239A3 /* FirebaseInstanceID.framework */ = {isa = PBXFileReference; lastKnownFileType = wrapper.framework; name = FirebaseInstanceID.framework; path = Carthage/Build/iOS/FirebaseInstanceID.framework; sourceTree = "<group>"; };
		36408B882536949B008239A3 /* FirebaseCoreDiagnostics.framework */ = {isa = PBXFileReference; lastKnownFileType = wrapper.framework; name = FirebaseCoreDiagnostics.framework; path = Carthage/Build/iOS/FirebaseCoreDiagnostics.framework; sourceTree = "<group>"; };
		36408B892536949B008239A3 /* FirebaseCrashlytics.framework */ = {isa = PBXFileReference; lastKnownFileType = wrapper.framework; name = FirebaseCrashlytics.framework; path = Carthage/Build/iOS/FirebaseCrashlytics.framework; sourceTree = "<group>"; };
		36408B8A2536949B008239A3 /* Protobuf.framework */ = {isa = PBXFileReference; lastKnownFileType = wrapper.framework; name = Protobuf.framework; path = Carthage/Build/iOS/Protobuf.framework; sourceTree = "<group>"; };
		36408B8B2536949B008239A3 /* PromisesObjC.framework */ = {isa = PBXFileReference; lastKnownFileType = wrapper.framework; name = PromisesObjC.framework; path = Carthage/Build/iOS/PromisesObjC.framework; sourceTree = "<group>"; };
		36408B8C2536949B008239A3 /* FirebaseMessaging.framework */ = {isa = PBXFileReference; lastKnownFileType = wrapper.framework; name = FirebaseMessaging.framework; path = Carthage/Build/iOS/FirebaseMessaging.framework; sourceTree = "<group>"; };
		36408B8D2536949B008239A3 /* nanopb.framework */ = {isa = PBXFileReference; lastKnownFileType = wrapper.framework; name = nanopb.framework; path = Carthage/Build/iOS/nanopb.framework; sourceTree = "<group>"; };
		36F8711E253601E00011D3F7 /* firebase-carthage.app */ = {isa = PBXFileReference; explicitFileType = wrapper.application; includeInIndex = 0; path = "firebase-carthage.app"; sourceTree = BUILT_PRODUCTS_DIR; };
		36F87121253601E00011D3F7 /* AppDelegate.swift */ = {isa = PBXFileReference; lastKnownFileType = sourcecode.swift; path = AppDelegate.swift; sourceTree = "<group>"; };
		36F87123253601E00011D3F7 /* SceneDelegate.swift */ = {isa = PBXFileReference; lastKnownFileType = sourcecode.swift; path = SceneDelegate.swift; sourceTree = "<group>"; };
		36F87125253601E00011D3F7 /* ViewController.swift */ = {isa = PBXFileReference; lastKnownFileType = sourcecode.swift; path = ViewController.swift; sourceTree = "<group>"; };
		36F87128253601E00011D3F7 /* Base */ = {isa = PBXFileReference; lastKnownFileType = file.storyboard; name = Base; path = Base.lproj/Main.storyboard; sourceTree = "<group>"; };
		36F8712A253601E00011D3F7 /* Assets.xcassets */ = {isa = PBXFileReference; lastKnownFileType = folder.assetcatalog; path = Assets.xcassets; sourceTree = "<group>"; };
		36F8712D253601E00011D3F7 /* Base */ = {isa = PBXFileReference; lastKnownFileType = file.storyboard; name = Base; path = Base.lproj/LaunchScreen.storyboard; sourceTree = "<group>"; };
		36F8712F253601E00011D3F7 /* Info.plist */ = {isa = PBXFileReference; lastKnownFileType = text.plist.xml; path = Info.plist; sourceTree = "<group>"; };
		36F8713E253604C10011D3F7 /* GoogleService-Info.plist */ = {isa = PBXFileReference; fileEncoding = 4; lastKnownFileType = text.plist.xml; path = "GoogleService-Info.plist"; sourceTree = "<group>"; };
/* End PBXFileReference section */

/* Begin PBXFrameworksBuildPhase section */
		36F8711B253601E00011D3F7 /* Frameworks */ = {
			isa = PBXFrameworksBuildPhase;
			buildActionMask = 2147483647;
			files = (
				36408BC025369797008239A3 /* PromisesObjC.framework in Frameworks */,
				36408BBC25369797008239A3 /* GoogleUtilities.framework in Frameworks */,
				36408BB425369797008239A3 /* FirebaseCrashlytics.framework in Frameworks */,
				36408BBE25369797008239A3 /* nanopb.framework in Frameworks */,
				36408BAE25369797008239A3 /* FirebaseAnalytics.framework in Frameworks */,
				36408BB225369797008239A3 /* FirebaseCoreDiagnostics.framework in Frameworks */,
				36408BAC25369797008239A3 /* FIRAnalyticsConnector.framework in Frameworks */,
				36408BB825369797008239A3 /* GoogleAppMeasurement.framework in Frameworks */,
				36408BBA25369797008239A3 /* GoogleDataTransport.framework in Frameworks */,
				36408BB025369797008239A3 /* FirebaseCore.framework in Frameworks */,
				36408BB625369797008239A3 /* FirebaseInstallations.framework in Frameworks */,
			);
			runOnlyForDeploymentPostprocessing = 0;
		};
/* End PBXFrameworksBuildPhase section */

/* Begin PBXGroup section */
		36408B7F2536949B008239A3 /* Frameworks */ = {
			isa = PBXGroup;
			children = (
				36408B832536949B008239A3 /* FIRAnalyticsConnector.framework */,
				36408B802536949B008239A3 /* FirebaseAnalytics.framework */,
				36408B822536949B008239A3 /* FirebaseCore.framework */,
				36408B882536949B008239A3 /* FirebaseCoreDiagnostics.framework */,
				36408B892536949B008239A3 /* FirebaseCrashlytics.framework */,
				36408B862536949B008239A3 /* FirebaseInstallations.framework */,
				36408B872536949B008239A3 /* FirebaseInstanceID.framework */,
				36408B8C2536949B008239A3 /* FirebaseMessaging.framework */,
				36408B812536949B008239A3 /* GoogleAppMeasurement.framework */,
				36408B852536949B008239A3 /* GoogleDataTransport.framework */,
				36408B842536949B008239A3 /* GoogleUtilities.framework */,
				36408B8D2536949B008239A3 /* nanopb.framework */,
				36408B8B2536949B008239A3 /* PromisesObjC.framework */,
				36408B8A2536949B008239A3 /* Protobuf.framework */,
			);
			name = Frameworks;
			sourceTree = "<group>";
		};
		36F87115253601E00011D3F7 = {
			isa = PBXGroup;
			children = (
				36F87120253601E00011D3F7 /* firebase-carthage */,
				36F8711F253601E00011D3F7 /* Products */,
				36408B7F2536949B008239A3 /* Frameworks */,
			);
			sourceTree = "<group>";
		};
		36F8711F253601E00011D3F7 /* Products */ = {
			isa = PBXGroup;
			children = (
				36F8711E253601E00011D3F7 /* firebase-carthage.app */,
			);
			name = Products;
			sourceTree = "<group>";
		};
		36F87120253601E00011D3F7 /* firebase-carthage */ = {
			isa = PBXGroup;
			children = (
				36F87121253601E00011D3F7 /* AppDelegate.swift */,
				36F87123253601E00011D3F7 /* SceneDelegate.swift */,
				36F87125253601E00011D3F7 /* ViewController.swift */,
				36F87127253601E00011D3F7 /* Main.storyboard */,
				36F8712A253601E00011D3F7 /* Assets.xcassets */,
				36F8712C253601E00011D3F7 /* LaunchScreen.storyboard */,
				36F8712F253601E00011D3F7 /* Info.plist */,
				36F8713E253604C10011D3F7 /* GoogleService-Info.plist */,
			);
			path = "firebase-carthage";
			sourceTree = "<group>";
		};
/* End PBXGroup section */

/* Begin PBXNativeTarget section */
		36F8711D253601E00011D3F7 /* firebase-carthage */ = {
			isa = PBXNativeTarget;
			buildConfigurationList = 36F87132253601E00011D3F7 /* Build configuration list for PBXNativeTarget "firebase-carthage" */;
			buildPhases = (
				36F8711A253601E00011D3F7 /* Sources */,
				36F8711B253601E00011D3F7 /* Frameworks */,
				36F8711C253601E00011D3F7 /* Resources */,
				36F87136253602900011D3F7 /* Carthage */,
				36F87137253602CC0011D3F7 /* Setup Firebase Crashlytics */,
				36408BC225369797008239A3 /* Embed Frameworks */,
			);
			buildRules = (
			);
			dependencies = (
			);
			name = "firebase-carthage";
			productName = "firebase-carthage";
			productReference = 36F8711E253601E00011D3F7 /* firebase-carthage.app */;
			productType = "com.apple.product-type.application";
		};
/* End PBXNativeTarget section */

/* Begin PBXProject section */
		36F87116253601E00011D3F7 /* Project object */ = {
			isa = PBXProject;
			attributes = {
				LastSwiftUpdateCheck = 1200;
				LastUpgradeCheck = 1200;
				TargetAttributes = {
					36F8711D253601E00011D3F7 = {
						CreatedOnToolsVersion = 12.0.1;
					};
				};
			};
			buildConfigurationList = 36F87119253601E00011D3F7 /* Build configuration list for PBXProject "firebase-carthage" */;
			compatibilityVersion = "Xcode 9.3";
			developmentRegion = en;
			hasScannedForEncodings = 0;
			knownRegions = (
				en,
				Base,
			);
			mainGroup = 36F87115253601E00011D3F7;
			productRefGroup = 36F8711F253601E00011D3F7 /* Products */;
			projectDirPath = "";
			projectRoot = "";
			targets = (
				36F8711D253601E00011D3F7 /* firebase-carthage */,
			);
		};
/* End PBXProject section */

/* Begin PBXResourcesBuildPhase section */
		36F8711C253601E00011D3F7 /* Resources */ = {
			isa = PBXResourcesBuildPhase;
			buildActionMask = 2147483647;
			files = (
				36F8712E253601E00011D3F7 /* LaunchScreen.storyboard in Resources */,
				36F8713F253604C10011D3F7 /* GoogleService-Info.plist in Resources */,
				36F8712B253601E00011D3F7 /* Assets.xcassets in Resources */,
				36F87129253601E00011D3F7 /* Main.storyboard in Resources */,
			);
			runOnlyForDeploymentPostprocessing = 0;
		};
/* End PBXResourcesBuildPhase section */

/* Begin PBXShellScriptBuildPhase section */
		36F87136253602900011D3F7 /* Carthage */ = {
			isa = PBXShellScriptBuildPhase;
			buildActionMask = 2147483647;
			files = (
			);
			inputFileListPaths = (
			);
			inputPaths = (
			);
			name = Carthage;
			outputFileListPaths = (
			);
			outputPaths = (
			);
			runOnlyForDeploymentPostprocessing = 0;
			shellPath = /bin/sh;
			shellScript = "carthage copy-frameworks\n";
		};
		36F87137253602CC0011D3F7 /* Setup Firebase Crashlytics */ = {
			isa = PBXShellScriptBuildPhase;
			buildActionMask = 2147483647;
			files = (
			);
			inputFileListPaths = (
			);
			inputPaths = (
				"${DWARF_DSYM_FOLDER_PATH}/${DWARF_DSYM_FILE_NAME}/Contents/Resources/DWARF/${TARGET_NAME}",
				"${BUILT_PRODUCTS_DIR}/${INFOPLIST_PATH}",
			);
			name = "Setup Firebase Crashlytics";
			outputFileListPaths = (
			);
			outputPaths = (
			);
			runOnlyForDeploymentPostprocessing = 0;
			shellPath = /bin/sh;
			shellScript = "${PROJECT_DIR}/scripts/run\n";
		};
/* End PBXShellScriptBuildPhase section */

/* Begin PBXSourcesBuildPhase section */
		36F8711A253601E00011D3F7 /* Sources */ = {
			isa = PBXSourcesBuildPhase;
			buildActionMask = 2147483647;
			files = (
				36F87126253601E00011D3F7 /* ViewController.swift in Sources */,
				36F87122253601E00011D3F7 /* AppDelegate.swift in Sources */,
				36F87124253601E00011D3F7 /* SceneDelegate.swift in Sources */,
			);
			runOnlyForDeploymentPostprocessing = 0;
		};
/* End PBXSourcesBuildPhase section */

/* Begin PBXVariantGroup section */
		36F87127253601E00011D3F7 /* Main.storyboard */ = {
			isa = PBXVariantGroup;
			children = (
				36F87128253601E00011D3F7 /* Base */,
			);
			name = Main.storyboard;
			sourceTree = "<group>";
		};
		36F8712C253601E00011D3F7 /* LaunchScreen.storyboard */ = {
			isa = PBXVariantGroup;
			children = (
				36F8712D253601E00011D3F7 /* Base */,
			);
			name = LaunchScreen.storyboard;
			sourceTree = "<group>";
		};
/* End PBXVariantGroup section */

/* Begin XCBuildConfiguration section */
		36F87130253601E00011D3F7 /* Debug */ = {
			isa = XCBuildConfiguration;
			buildSettings = {
				ALWAYS_SEARCH_USER_PATHS = NO;
				CLANG_ANALYZER_NONNULL = YES;
				CLANG_ANALYZER_NUMBER_OBJECT_CONVERSION = YES_AGGRESSIVE;
				CLANG_CXX_LANGUAGE_STANDARD = "gnu++14";
				CLANG_CXX_LIBRARY = "libc++";
				CLANG_ENABLE_MODULES = YES;
				CLANG_ENABLE_OBJC_ARC = YES;
				CLANG_ENABLE_OBJC_WEAK = YES;
				CLANG_WARN_BLOCK_CAPTURE_AUTORELEASING = YES;
				CLANG_WARN_BOOL_CONVERSION = YES;
				CLANG_WARN_COMMA = YES;
				CLANG_WARN_CONSTANT_CONVERSION = YES;
				CLANG_WARN_DEPRECATED_OBJC_IMPLEMENTATIONS = YES;
				CLANG_WARN_DIRECT_OBJC_ISA_USAGE = YES_ERROR;
				CLANG_WARN_DOCUMENTATION_COMMENTS = YES;
				CLANG_WARN_EMPTY_BODY = YES;
				CLANG_WARN_ENUM_CONVERSION = YES;
				CLANG_WARN_INFINITE_RECURSION = YES;
				CLANG_WARN_INT_CONVERSION = YES;
				CLANG_WARN_NON_LITERAL_NULL_CONVERSION = YES;
				CLANG_WARN_OBJC_IMPLICIT_RETAIN_SELF = YES;
				CLANG_WARN_OBJC_LITERAL_CONVERSION = YES;
				CLANG_WARN_OBJC_ROOT_CLASS = YES_ERROR;
				CLANG_WARN_QUOTED_INCLUDE_IN_FRAMEWORK_HEADER = YES;
				CLANG_WARN_RANGE_LOOP_ANALYSIS = YES;
				CLANG_WARN_STRICT_PROTOTYPES = YES;
				CLANG_WARN_SUSPICIOUS_MOVE = YES;
				CLANG_WARN_UNGUARDED_AVAILABILITY = YES_AGGRESSIVE;
				CLANG_WARN_UNREACHABLE_CODE = YES;
				CLANG_WARN__DUPLICATE_METHOD_MATCH = YES;
				COPY_PHASE_STRIP = NO;
				DEBUG_INFORMATION_FORMAT = "dwarf-with-dsym";
				ENABLE_STRICT_OBJC_MSGSEND = YES;
				ENABLE_TESTABILITY = YES;
				GCC_C_LANGUAGE_STANDARD = gnu11;
				GCC_DYNAMIC_NO_PIC = NO;
				GCC_NO_COMMON_BLOCKS = YES;
				GCC_OPTIMIZATION_LEVEL = 0;
				GCC_PREPROCESSOR_DEFINITIONS = (
					"DEBUG=1",
					"$(inherited)",
				);
				GCC_WARN_64_TO_32_BIT_CONVERSION = YES;
				GCC_WARN_ABOUT_RETURN_TYPE = YES_ERROR;
				GCC_WARN_UNDECLARED_SELECTOR = YES;
				GCC_WARN_UNINITIALIZED_AUTOS = YES_AGGRESSIVE;
				GCC_WARN_UNUSED_FUNCTION = YES;
				GCC_WARN_UNUSED_VARIABLE = YES;
				IPHONEOS_DEPLOYMENT_TARGET = 14.0;
				MTL_ENABLE_DEBUG_INFO = INCLUDE_SOURCE;
				MTL_FAST_MATH = YES;
				ONLY_ACTIVE_ARCH = YES;
				SDKROOT = iphoneos;
				SWIFT_ACTIVE_COMPILATION_CONDITIONS = DEBUG;
				SWIFT_OPTIMIZATION_LEVEL = "-Onone";
			};
			name = Debug;
		};
		36F87131253601E00011D3F7 /* Release */ = {
			isa = XCBuildConfiguration;
			buildSettings = {
				ALWAYS_SEARCH_USER_PATHS = NO;
				CLANG_ANALYZER_NONNULL = YES;
				CLANG_ANALYZER_NUMBER_OBJECT_CONVERSION = YES_AGGRESSIVE;
				CLANG_CXX_LANGUAGE_STANDARD = "gnu++14";
				CLANG_CXX_LIBRARY = "libc++";
				CLANG_ENABLE_MODULES = YES;
				CLANG_ENABLE_OBJC_ARC = YES;
				CLANG_ENABLE_OBJC_WEAK = YES;
				CLANG_WARN_BLOCK_CAPTURE_AUTORELEASING = YES;
				CLANG_WARN_BOOL_CONVERSION = YES;
				CLANG_WARN_COMMA = YES;
				CLANG_WARN_CONSTANT_CONVERSION = YES;
				CLANG_WARN_DEPRECATED_OBJC_IMPLEMENTATIONS = YES;
				CLANG_WARN_DIRECT_OBJC_ISA_USAGE = YES_ERROR;
				CLANG_WARN_DOCUMENTATION_COMMENTS = YES;
				CLANG_WARN_EMPTY_BODY = YES;
				CLANG_WARN_ENUM_CONVERSION = YES;
				CLANG_WARN_INFINITE_RECURSION = YES;
				CLANG_WARN_INT_CONVERSION = YES;
				CLANG_WARN_NON_LITERAL_NULL_CONVERSION = YES;
				CLANG_WARN_OBJC_IMPLICIT_RETAIN_SELF = YES;
				CLANG_WARN_OBJC_LITERAL_CONVERSION = YES;
				CLANG_WARN_OBJC_ROOT_CLASS = YES_ERROR;
				CLANG_WARN_QUOTED_INCLUDE_IN_FRAMEWORK_HEADER = YES;
				CLANG_WARN_RANGE_LOOP_ANALYSIS = YES;
				CLANG_WARN_STRICT_PROTOTYPES = YES;
				CLANG_WARN_SUSPICIOUS_MOVE = YES;
				CLANG_WARN_UNGUARDED_AVAILABILITY = YES_AGGRESSIVE;
				CLANG_WARN_UNREACHABLE_CODE = YES;
				CLANG_WARN__DUPLICATE_METHOD_MATCH = YES;
				COPY_PHASE_STRIP = NO;
				DEBUG_INFORMATION_FORMAT = "dwarf-with-dsym";
				ENABLE_NS_ASSERTIONS = NO;
				ENABLE_STRICT_OBJC_MSGSEND = YES;
				GCC_C_LANGUAGE_STANDARD = gnu11;
				GCC_NO_COMMON_BLOCKS = YES;
				GCC_WARN_64_TO_32_BIT_CONVERSION = YES;
				GCC_WARN_ABOUT_RETURN_TYPE = YES_ERROR;
				GCC_WARN_UNDECLARED_SELECTOR = YES;
				GCC_WARN_UNINITIALIZED_AUTOS = YES_AGGRESSIVE;
				GCC_WARN_UNUSED_FUNCTION = YES;
				GCC_WARN_UNUSED_VARIABLE = YES;
				IPHONEOS_DEPLOYMENT_TARGET = 14.0;
				MTL_ENABLE_DEBUG_INFO = NO;
				MTL_FAST_MATH = YES;
				SDKROOT = iphoneos;
				SWIFT_COMPILATION_MODE = wholemodule;
				SWIFT_OPTIMIZATION_LEVEL = "-O";
				VALIDATE_PRODUCT = YES;
			};
			name = Release;
		};
		36F87133253601E00011D3F7 /* Debug */ = {
			isa = XCBuildConfiguration;
			buildSettings = {
				ASSETCATALOG_COMPILER_APPICON_NAME = AppIcon;
				ASSETCATALOG_COMPILER_GLOBAL_ACCENT_COLOR_NAME = AccentColor;
				CODE_SIGN_STYLE = Automatic;
				FRAMEWORK_SEARCH_PATHS = (
					"$(inherited)",
					"$(PROJECT_DIR)/Carthage/Build/iOS",
				);
				INFOPLIST_FILE = "firebase-carthage/Info.plist";
				LD_RUNPATH_SEARCH_PATHS = (
					"$(inherited)",
					"@executable_path/Frameworks",
				);
				OTHER_LDFLAGS = (
					"$(OTHER_LDFLAGS)",
					"-ObjC",
				);
				PRODUCT_BUNDLE_IDENTIFIER = "com.hanksudo.firebase-carthage";
				PRODUCT_NAME = "$(TARGET_NAME)";
				SWIFT_VERSION = 5.0;
				TARGETED_DEVICE_FAMILY = "1,2";
			};
			name = Debug;
		};
		36F87134253601E00011D3F7 /* Release */ = {
			isa = XCBuildConfiguration;
			buildSettings = {
				ASSETCATALOG_COMPILER_APPICON_NAME = AppIcon;
				ASSETCATALOG_COMPILER_GLOBAL_ACCENT_COLOR_NAME = AccentColor;
				CODE_SIGN_STYLE = Automatic;
				FRAMEWORK_SEARCH_PATHS = (
					"$(inherited)",
					"$(PROJECT_DIR)/Carthage/Build/iOS",
				);
				INFOPLIST_FILE = "firebase-carthage/Info.plist";
				LD_RUNPATH_SEARCH_PATHS = (
					"$(inherited)",
					"@executable_path/Frameworks",
				);
				OTHER_LDFLAGS = (
					"$(OTHER_LDFLAGS)",
					"-ObjC",
				);
				PRODUCT_BUNDLE_IDENTIFIER = "com.hanksudo.firebase-carthage";
				PRODUCT_NAME = "$(TARGET_NAME)";
				SWIFT_VERSION = 5.0;
				TARGETED_DEVICE_FAMILY = "1,2";
			};
			name = Release;
		};
/* End XCBuildConfiguration section */

/* Begin XCConfigurationList section */
		36F87119253601E00011D3F7 /* Build configuration list for PBXProject "firebase-carthage" */ = {
			isa = XCConfigurationList;
			buildConfigurations = (
				36F87130253601E00011D3F7 /* Debug */,
				36F87131253601E00011D3F7 /* Release */,
			);
			defaultConfigurationIsVisible = 0;
			defaultConfigurationName = Release;
		};
		36F87132253601E00011D3F7 /* Build configuration list for PBXNativeTarget "firebase-carthage" */ = {
			isa = XCConfigurationList;
			buildConfigurations = (
				36F87133253601E00011D3F7 /* Debug */,
				36F87134253601E00011D3F7 /* Release */,
			);
			defaultConfigurationIsVisible = 0;
			defaultConfigurationName = Release;
		};
/* End XCConfigurationList section */
	};
	rootObject = 36F87116253601E00011D3F7 /* Project object */;
}
